
Microsoft Visual Studio Solution File, Format Version 11.00
# Visual Studio 2010
Project("{FAE04EC0-301F-11D3-BF4B-00C04F79EFBC}") = "ShopNaija.ScreenScraper", "ShopNaija.ScreenScraper.csproj", "{476B0206-4376-4F7B-89DE-8C9F39468E06}"
EndProject
Project("{FAE04EC0-301F-11D3-BF4B-00C04F79EFBC}") = "ShopNaija.ScreenScraperConsole", "..\ShopNaija.ScreenScraperConsole\ShopNaija.ScreenScraperConsole.csproj", "{5859980F-A1C3-4E34-959C-105960BF9290}"
EndProject
Project("{FAE04EC0-301F-11D3-BF4B-00C04F79EFBC}") = "ShopNaijaFormScraper", "ShopNaijaFormScraper\ShopNaijaFormScraper.csproj", "{1D2302A7-CB52-411F-8A0E-B8D62B8B25D6}"
EndProject
Project("{FAE04EC0-301F-11D3-BF4B-00C04F79EFBC}") = "ShopifyHandle", "..\ShopifyHandle\ShopifyHandle.csproj", "{30C77848-ECD0-481B-83CD-E6332A6C2BCD}"
EndProject
Project("{FAE04EC0-301F-11D3-BF4B-00C04F79EFBC}") = "CipherTest", "CipherTest\CipherTest.csproj", "{7ED5D019-9511-4E4C-B9AA-96E4564A47AF}"
EndProject
Project("{FAE04EC0-301F-11D3-BF4B-00C04F79EFBC}") = "HandleCipher", "HandleCipher\HandleCipher.csproj", "{2D1AA4D4-1D3A-47EE-A2E3-686665BA589A}"
EndProject
Global
	GlobalSection(SolutionConfigurationPlatforms) = preSolution
		Debug|Any CPU = Debug|Any CPU
		Debug|Mixed Platforms = Debug|Mixed Platforms
		Debug|x86 = Debug|x86
		Release|Any CPU = Release|Any CPU
		Release|Mixed Platforms = Release|Mixed Platforms
		Release|x86 = Release|x86
	EndGlobalSection
	GlobalSection(ProjectConfigurationPlatforms) = postSolution
		{476B0206-4376-4F7B-89DE-8C9F39468E06}.Debug|Any CPU.ActiveCfg = Debug|Any CPU
		{476B0206-4376-4F7B-89DE-8C9F39468E06}.Debug|Any CPU.Build.0 = Debug|Any CPU
		{476B0206-4376-4F7B-89DE-8C9F39468E06}.Debug|Mixed Platforms.ActiveCfg = Debug|Any CPU
		{476B0206-4376-4F7B-89DE-8C9F39468E06}.Debug|Mixed Platforms.Build.0 = Debug|Any CPU
		{476B0206-4376-4F7B-89DE-8C9F39468E06}.Debug|x86.ActiveCfg = Debug|Any CPU
		{476B0206-4376-4F7B-89DE-8C9F39468E06}.Release|Any CPU.ActiveCfg = Release|Any CPU
		{476B0206-4376-4F7B-89DE-8C9F39468E06}.Release|Any CPU.Build.0 = Release|Any CPU
		{476B0206-4376-4F7B-89DE-8C9F39468E06}.Release|Mixed Platforms.ActiveCfg = Release|Any CPU
		{476B0206-4376-4F7B-89DE-8C9F39468E06}.Release|Mixed Platforms.Build.0 = Release|Any CPU
		{476B0206-4376-4F7B-89DE-8C9F39468E06}.Release|x86.ActiveCfg = Release|Any CPU
		{5859980F-A1C3-4E34-959C-105960BF9290}.Debug|Any CPU.ActiveCfg = Debug|x86
		{5859980F-A1C3-4E34-959C-105960BF9290}.Debug|Mixed Platforms.ActiveCfg = Debug|x86
		{5859980F-A1C3-4E34-959C-105960BF9290}.Debug|Mixed Platforms.Build.0 = Debug|x86
		{5859980F-A1C3-4E34-959C-105960BF9290}.Debug|x86.ActiveCfg = Debug|x86
		{5859980F-A1C3-4E34-959C-105960BF9290}.Debug|x86.Build.0 = Debug|x86
		{5859980F-A1C3-4E34-959C-105960BF9290}.Release|Any CPU.ActiveCfg = Release|x86
		{5859980F-A1C3-4E34-959C-105960BF9290}.Release|Mixed Platforms.ActiveCfg = Release|x86
		{5859980F-A1C3-4E34-959C-105960BF9290}.Release|Mixed Platforms.Build.0 = Release|x86
		{5859980F-A1C3-4E34-959C-105960BF9290}.Release|x86.ActiveCfg = Release|x86
		{5859980F-A1C3-4E34-959C-105960BF9290}.Release|x86.Build.0 = Release|x86
		{1D2302A7-CB52-411F-8A0E-B8D62B8B25D6}.Debug|Any CPU.ActiveCfg = Debug|x86
		{1D2302A7-CB52-411F-8A0E-B8D62B8B25D6}.Debug|Mixed Platforms.ActiveCfg = Debug|x86
		{1D2302A7-CB52-411F-8A0E-B8D62B8B25D6}.Debug|Mixed Platforms.Build.0 = Debug|x86
		{1D2302A7-CB52-411F-8A0E-B8D62B8B25D6}.Debug|x86.ActiveCfg = Debug|x86
		{1D2302A7-CB52-411F-8A0E-B8D62B8B25D6}.Debug|x86.Build.0 = Debug|x86
		{1D2302A7-CB52-411F-8A0E-B8D62B8B25D6}.Release|Any CPU.ActiveCfg = Release|x86
		{1D2302A7-CB52-411F-8A0E-B8D62B8B25D6}.Release|Mixed Platforms.ActiveCfg = Release|x86
		{1D2302A7-CB52-411F-8A0E-B8D62B8B25D6}.Release|Mixed Platforms.Build.0 = Release|x86
		{1D2302A7-CB52-411F-8A0E-B8D62B8B25D6}.Release|x86.ActiveCfg = Release|x86
		{1D2302A7-CB52-411F-8A0E-B8D62B8B25D6}.Release|x86.Build.0 = Release|x86
		{30C77848-ECD0-481B-83CD-E6332A6C2BCD}.Debug|Any CPU.ActiveCfg = Debug|Any CPU
		{30C77848-ECD0-481B-83CD-E6332A6C2BCD}.Debug|Any CPU.Build.0 = Debug|Any CPU
		{30C77848-ECD0-481B-83CD-E6332A6C2BCD}.Debug|Mixed Platforms.ActiveCfg = Debug|Any CPU
		{30C77848-ECD0-481B-83CD-E6332A6C2BCD}.Debug|Mixed Platforms.Build.0 = Debug|Any CPU
		{30C77848-ECD0-481B-83CD-E6332A6C2BCD}.Debug|x86.ActiveCfg = Debug|Any CPU
		{30C77848-ECD0-481B-83CD-E6332A6C2BCD}.Release|Any CPU.ActiveCfg = Release|Any CPU
		{30C77848-ECD0-481B-83CD-E6332A6C2BCD}.Release|Any CPU.Build.0 = Release|Any CPU
		{30C77848-ECD0-481B-83CD-E6332A6C2BCD}.Release|Mixed Platforms.ActiveCfg = Release|Any CPU
		{30C77848-ECD0-481B-83CD-E6332A6C2BCD}.Release|Mixed Platforms.Build.0 = Release|Any CPU
		{30C77848-ECD0-481B-83CD-E6332A6C2BCD}.Release|x86.ActiveCfg = Release|Any CPU
		{7ED5D019-9511-4E4C-B9AA-96E4564A47AF}.Debug|Any CPU.ActiveCfg = Debug|x86
		{7ED5D019-9511-4E4C-B9AA-96E4564A47AF}.Debug|Mixed Platforms.ActiveCfg = Debug|x86
		{7ED5D019-9511-4E4C-B9AA-96E4564A47AF}.Debug|Mixed Platforms.Build.0 = Debug|x86
		{7ED5D019-9511-4E4C-B9AA-96E4564A47AF}.Debug|x86.ActiveCfg = Debug|x86
		{7ED5D019-9511-4E4C-B9AA-96E4564A47AF}.Debug|x86.Build.0 = Debug|x86
		{7ED5D019-9511-4E4C-B9AA-96E4564A47AF}.Release|Any CPU.ActiveCfg = Release|x86
		{7ED5D019-9511-4E4C-B9AA-96E4564A47AF}.Release|Mixed Platforms.ActiveCfg = Release|x86
		{7ED5D019-9511-4E4C-B9AA-96E4564A47AF}.Release|Mixed Platforms.Build.0 = Release|x86
		{7ED5D019-9511-4E4C-B9AA-96E4564A47AF}.Release|x86.ActiveCfg = Release|x86
		{7ED5D019-9511-4E4C-B9AA-96E4564A47AF}.Release|x86.Build.0 = Release|x86
		{2D1AA4D4-1D3A-47EE-A2E3-686665BA589A}.Debug|Any CPU.ActiveCfg = Debug|x86
		{2D1AA4D4-1D3A-47EE-A2E3-686665BA589A}.Debug|Mixed Platforms.ActiveCfg = Debug|x86
		{2D1AA4D4-1D3A-47EE-A2E3-686665BA589A}.Debug|Mixed Platforms.Build.0 = Debug|x86
		{2D1AA4D4-1D3A-47EE-A2E3-686665BA589A}.Debug|x86.ActiveCfg = Debug|x86
		{2D1AA4D4-1D3A-47EE-A2E3-686665BA589A}.Debug|x86.Build.0 = Debug|x86
		{2D1AA4D4-1D3A-47EE-A2E3-686665BA589A}.Release|Any CPU.ActiveCfg = Release|x86
		{2D1AA4D4-1D3A-47EE-A2E3-686665BA589A}.Release|Mixed Platforms.ActiveCfg = Release|x86
		{2D1AA4D4-1D3A-47EE-A2E3-686665BA589A}.Release|Mixed Platforms.Build.0 = Release|x86
		{2D1AA4D4-1D3A-47EE-A2E3-686665BA589A}.Release|x86.ActiveCfg = Release|x86
		{2D1AA4D4-1D3A-47EE-A2E3-686665BA589A}.Release|x86.Build.0 = Release|x86
	EndGlobalSection
	GlobalSection(SolutionProperties) = preSolution
		HideSolutionNode = FALSE
	EndGlobalSection
	GlobalSection(ExtensibilityGlobals) = postSolution
		EnterpriseLibraryConfigurationToolBinariesPath = packages\Unity.2.1.505.2\lib\NET35;packages\Unity.Interception.2.1.505.2\lib\NET35;packages\EnterpriseLibrary.Common.5.0.505.0\lib\NET35;packages\EnterpriseLibrary.Security.Cryptography.5.0.505.0\lib\NET35
	EndGlobalSection
EndGlobal
